
Microsoft Visual Studio Solution File, Format Version 12.00
Project("{FAE04EC0-301F-11D3-BF4B-00C04F79EFBC}") = "Gateway", "Gateway\Gateway.csproj", "{83774CBA-DED5-4055-9D68-988EFC4D4FB7}"
EndProject
Project("{FAE04EC0-301F-11D3-BF4B-00C04F79EFBC}") = "NotificationService", "NotificationService\NotificationService.csproj", "{327F56CF-7CC6-4588-8057-DD38A38F03CF}"
EndProject
Project("{FAE04EC0-301F-11D3-BF4B-00C04F79EFBC}") = "ProtobufSpec", "ProtobufSpec\ProtobufSpec.csproj", "{725C62BD-B2D1-4E32-B214-48057A7BD8A5}"
EndProject
Project("{FAE04EC0-301F-11D3-BF4B-00C04F79EFBC}") = "ProductService", "ProductService\ProductService.csproj", "{CEEE7D2B-C765-4529-80DA-1E694C04114E}"
EndProject
Project("{FAE04EC0-301F-11D3-BF4B-00C04F79EFBC}") = "CoreShared", "CoreShared\CoreShared.csproj", "{F57B5A3D-7330-4B5D-A182-7C9A654AD95D}"
EndProject
Project("{FAE04EC0-301F-11D3-BF4B-00C04F79EFBC}") = "OrderService", "OrderService\OrderService.csproj", "{2E9B327C-6B31-4620-AF0A-2B8478C0DE28}"
EndProject
Project("{FAE04EC0-301F-11D3-BF4B-00C04F79EFBC}") = "AppHost", "AppHost\AppHost.csproj", "{DE89EA2B-ACAA-4071-9537-F2F0EBB521DC}"
EndProject
Project("{FAE04EC0-301F-11D3-BF4B-00C04F79EFBC}") = "ServiceDefaults", "ServiceDefaults\ServiceDefaults.csproj", "{F6A3BF6A-5FD5-4B89-90C2-87C06EBC9D2D}"
EndProject
Global
	GlobalSection(SolutionConfigurationPlatforms) = preSolution
		Debug|Any CPU = Debug|Any CPU
		Release|Any CPU = Release|Any CPU
	EndGlobalSection
	GlobalSection(ProjectConfigurationPlatforms) = postSolution
		{83774CBA-DED5-4055-9D68-988EFC4D4FB7}.Debug|Any CPU.ActiveCfg = Debug|Any CPU
		{83774CBA-DED5-4055-9D68-988EFC4D4FB7}.Debug|Any CPU.Build.0 = Debug|Any CPU
		{83774CBA-DED5-4055-9D68-988EFC4D4FB7}.Release|Any CPU.ActiveCfg = Release|Any CPU
		{83774CBA-DED5-4055-9D68-988EFC4D4FB7}.Release|Any CPU.Build.0 = Release|Any CPU
		{327F56CF-7CC6-4588-8057-DD38A38F03CF}.Debug|Any CPU.ActiveCfg = Debug|Any CPU
		{327F56CF-7CC6-4588-8057-DD38A38F03CF}.Debug|Any CPU.Build.0 = Debug|Any CPU
		{327F56CF-7CC6-4588-8057-DD38A38F03CF}.Release|Any CPU.ActiveCfg = Release|Any CPU
		{327F56CF-7CC6-4588-8057-DD38A38F03CF}.Release|Any CPU.Build.0 = Release|Any CPU
		{725C62BD-B2D1-4E32-B214-48057A7BD8A5}.Debug|Any CPU.ActiveCfg = Debug|Any CPU
		{725C62BD-B2D1-4E32-B214-48057A7BD8A5}.Debug|Any CPU.Build.0 = Debug|Any CPU
		{725C62BD-B2D1-4E32-B214-48057A7BD8A5}.Release|Any CPU.ActiveCfg = Release|Any CPU
		{725C62BD-B2D1-4E32-B214-48057A7BD8A5}.Release|Any CPU.Build.0 = Release|Any CPU
		{CEEE7D2B-C765-4529-80DA-1E694C04114E}.Debug|Any CPU.ActiveCfg = Debug|Any CPU
		{CEEE7D2B-C765-4529-80DA-1E694C04114E}.Debug|Any CPU.Build.0 = Debug|Any CPU
		{CEEE7D2B-C765-4529-80DA-1E694C04114E}.Release|Any CPU.ActiveCfg = Release|Any CPU
		{CEEE7D2B-C765-4529-80DA-1E694C04114E}.Release|Any CPU.Build.0 = Release|Any CPU
		{F57B5A3D-7330-4B5D-A182-7C9A654AD95D}.Debug|Any CPU.ActiveCfg = Debug|Any CPU
		{F57B5A3D-7330-4B5D-A182-7C9A654AD95D}.Debug|Any CPU.Build.0 = Debug|Any CPU
		{F57B5A3D-7330-4B5D-A182-7C9A654AD95D}.Release|Any CPU.ActiveCfg = Release|Any CPU
		{F57B5A3D-7330-4B5D-A182-7C9A654AD95D}.Release|Any CPU.Build.0 = Release|Any CPU
		{2E9B327C-6B31-4620-AF0A-2B8478C0DE28}.Debug|Any CPU.ActiveCfg = Debug|Any CPU
		{2E9B327C-6B31-4620-AF0A-2B8478C0DE28}.Debug|Any CPU.Build.0 = Debug|Any CPU
		{2E9B327C-6B31-4620-AF0A-2B8478C0DE28}.Release|Any CPU.ActiveCfg = Release|Any CPU
		{2E9B327C-6B31-4620-AF0A-2B8478C0DE28}.Release|Any CPU.Build.0 = Release|Any CPU
		{DE89EA2B-ACAA-4071-9537-F2F0EBB521DC}.Debug|Any CPU.ActiveCfg = Debug|Any CPU
		{DE89EA2B-ACAA-4071-9537-F2F0EBB521DC}.Debug|Any CPU.Build.0 = Debug|Any CPU
		{DE89EA2B-ACAA-4071-9537-F2F0EBB521DC}.Release|Any CPU.ActiveCfg = Release|Any CPU
		{DE89EA2B-ACAA-4071-9537-F2F0EBB521DC}.Release|Any CPU.Build.0 = Release|Any CPU
		{F6A3BF6A-5FD5-4B89-90C2-87C06EBC9D2D}.Debug|Any CPU.ActiveCfg = Debug|Any CPU
		{F6A3BF6A-5FD5-4B89-90C2-87C06EBC9D2D}.Debug|Any CPU.Build.0 = Debug|Any CPU
		{F6A3BF6A-5FD5-4B89-90C2-87C06EBC9D2D}.Release|Any CPU.ActiveCfg = Release|Any CPU
		{F6A3BF6A-5FD5-4B89-90C2-87C06EBC9D2D}.Release|Any CPU.Build.0 = Release|Any CPU
	EndGlobalSection
EndGlobal
